
Microsoft Visual Studio Solution File, Format Version 12.00
# Visual Studio Version 16
VisualStudioVersion = 16.0.29613.14
MinimumVisualStudioVersion = 10.0.40219.1
Project("{FAE04EC0-301F-11D3-BF4B-00C04F79EFBC}") = "adminApp", "adminApp\adminApp.csproj", "{73D69E78-F5AA-4FB6-B3AE-88BD06A71D5A}"
EndProject
Global
	GlobalSection(SolutionConfigurationPlatforms) = preSolution
		Debug|Any CPU = Debug|Any CPU
		Release|Any CPU = Release|Any CPU
	EndGlobalSection
	GlobalSection(ProjectConfigurationPlatforms) = postSolution
		{73D69E78-F5AA-4FB6-B3AE-88BD06A71D5A}.Debug|Any CPU.ActiveCfg = Debug|Any CPU
		{73D69E78-F5AA-4FB6-B3AE-88BD06A71D5A}.Debug|Any CPU.Build.0 = Debug|Any CPU
		{73D69E78-F5AA-4FB6-B3AE-88BD06A71D5A}.Release|Any CPU.ActiveCfg = Release|Any CPU
		{73D69E78-F5AA-4FB6-B3AE-88BD06A71D5A}.Release|Any CPU.Build.0 = Release|Any CPU
	EndGlobalSection
	GlobalSection(SolutionProperties) = preSolution
		HideSolutionNode = FALSE
	EndGlobalSection
	GlobalSection(ExtensibilityGlobals) = postSolution
		SolutionGuid = {5EB26FBF-D8CC-4D4B-B858-7409EDC8FE8D}
	EndGlobalSection
EndGlobal
